PODS:
  - Alamofire (4.7.2)
  - AlamofireObjectMapper (5.1.0):
    - Alamofire (~> 4.1)
    - ObjectMapper (~> 3.3)
  - BetterSegmentedControl (0.9)
  - BSGridCollectionViewLayout (1.2.0)
  - BSImagePicker (2.7.1):
    - BSGridCollectionViewLayout (~> 1.2.0)
    - UIImageViewModeScaleAspect (= 1.5)
  - DropDown (2.3.2)
  - ImageSlideshow (1.6.1):
    - ImageSlideshow/Core (= 1.6.1)
  - ImageSlideshow/Core (1.6.1)
  - IQKeyboardManagerSwift (6.0.4)
  - Kingfisher (4.8.0)
  - ObjectMapper (3.3.0)
  - SideMenu (4.0.0)
  - SnapKit (4.0.0)
  - SwiftLint (0.26.0)
  - Toast-Swift (3.0.1)
  - UIImageViewModeScaleAspect (1.5)

DEPENDENCIES:
  - Alamofire (~> 4.7)
  - AlamofireObjectMapper (~> 5.0)
  - BetterSegmentedControl (~> 0.9)
  - BSImagePicker
  - DropDown
  - ImageSlideshow (~> 1.6)
  - IQKeyboardManagerSwift
  - Kingfisher
  - ObjectMapper (~> 3.1)
  - SideMenu
  - SnapKit (~> 4.0.0)
  - SwiftLint
  - Toast-Swift (~> 3.0.1)

SPEC REPOS:
  https://github.com/cocoapods/specs.git:
    - Alamofire
    - AlamofireObjectMapper
    - BetterSegmentedControl
    - BSGridCollectionViewLayout
    - BSImagePicker
    - DropDown
    - ImageSlideshow
    - IQKeyboardManagerSwift
    - Kingfisher
    - ObjectMapper
    - SideMenu
    - SnapKit
    - SwiftLint
    - Toast-Swift
    - UIImageViewModeScaleAspect

SPEC CHECKSUMS:
  Alamofire: e4fa87002c137ba2d8d634d2c51fabcda0d5c223
  AlamofireObjectMapper: 3395e698901d8b0e6f48b7d0c43bd47875325102
  BetterSegmentedControl: 40b2b6a08bbc59663149624d1b5235efa8d43a3c
  BSGridCollectionViewLayout: 8f12c8e1e08c47057f5a39a6828f4395f043d78f
  BSImagePicker: eb12948a6e71b9855c2c37723dfd989b9b4288bd
  DropDown: 7f87abecc28f9b4edad810fe1211c5c018c257e5
  ImageSlideshow: f0f33e1a20668e83d77f5fb7729e4ae4437c0759
  IQKeyboardManagerSwift: 36dbe324b4f9793f5f41ba5227f3e7c76dfefd50
  Kingfisher: 976d828df2b24834c6a3f2fc4d82cdbd26552be1
  ObjectMapper: b612bf8c8e99c4dc0bb6013a51f7c27966ed5da9
  SideMenu: 70ee5657df63ec3382660ec4ef470bf1cf5db07d
  SnapKit: a42d492c16e80209130a3379f73596c3454b7694
  SwiftLint: f6b83e8d95ee1e91e11932d843af4fdcbf3fc764
  Toast-Swift: ba0b01b095aada709d915f9beb1d38184a2721c3
  UIImageViewModeScaleAspect: 11a790a0b9d248a13dc63e3a78991f1463b6d84e

PODFILE CHECKSUM: fa5587d31cfb4c553645f503e9c2c30cb03a8dd2

COCOAPODS: 1.5.2
