PODS:
  - Alamofire (4.7.3)
  - AlamofireObjectMapper (5.1.0):
    - Alamofire (~> 4.1)
    - ObjectMapper (~> 3.3)
  - BetterSegmentedControl (0.9)
  - BSGridCollectionViewLayout (1.2.1)
  - BSImagePicker (2.8.0):
    - BSGridCollectionViewLayout (~> 1.2.0)
    - BSImageView (~> 1.0.0)
  - BSImageView (1.0.0)
  - DropDown (2.3.2)
  - ExpandableCell (1.2.3)
  - Firebase/Core (5.7.0):
    - Firebase/CoreOnly
    - FirebaseAnalytics (= 5.1.1)
  - Firebase/CoreOnly (5.7.0):
    - FirebaseCore (= 5.1.2)
  - Firebase/Messaging (5.7.0):
    - Firebase/CoreOnly
    - FirebaseMessaging (= 3.1.1)
  - FirebaseAnalytics (5.1.1):
    - FirebaseCore (~> 5.1)
    - FirebaseInstanceID (~> 3.2)
    - GoogleAppMeasurement (~> 5.1)
    - GoogleUtilities/AppDelegateSwizzler (~> 5.2.0)
    - GoogleUtilities/MethodSwizzler (~> 5.2.0)
    - GoogleUtilities/Network (~> 5.2)
    - "GoogleUtilities/NSData+zlib (~> 5.2)"
    - nanopb (~> 0.3)
  - FirebaseCore (5.1.2):
    - GoogleUtilities/Logger (~> 5.2)
  - FirebaseInstanceID (3.2.1):
    - FirebaseCore (~> 5.1)
    - GoogleUtilities/Environment (~> 5.2)
  - FirebaseMessaging (3.1.1):
    - FirebaseCore (~> 5.0)
    - FirebaseInstanceID (~> 3.0)
    - GoogleUtilities/Reachability (~> 5.2)
    - Protobuf (~> 3.1)
  - GoogleAppMeasurement (5.1.1):
    - GoogleUtilities/AppDelegateSwizzler (~> 5.2.0)
    - GoogleUtilities/MethodSwizzler (~> 5.2.0)
    - GoogleUtilities/Network (~> 5.2)
    - "GoogleUtilities/NSData+zlib (~> 5.2)"
    - nanopb (~> 0.3)
  - GoogleUtilities/AppDelegateSwizzler (5.2.2):
    - GoogleUtilities/Environment
    - GoogleUtilities/Logger
    - GoogleUtilities/Network
  - GoogleUtilities/Environment (5.2.2)
  - GoogleUtilities/Logger (5.2.2):
    - GoogleUtilities/Environment
  - GoogleUtilities/MethodSwizzler (5.2.2):
    - GoogleUtilities/Logger
  - GoogleUtilities/Network (5.2.2):
    - GoogleUtilities/Logger
    - "GoogleUtilities/NSData+zlib"
    - GoogleUtilities/Reachability
  - "GoogleUtilities/NSData+zlib (5.2.2)"
  - GoogleUtilities/Reachability (5.2.2):
    - GoogleUtilities/Logger
  - ImageSlideshow (1.6.1):
    - ImageSlideshow/Core (= 1.6.1)
  - ImageSlideshow/Core (1.6.1)
  - ImageSlideshow/Kingfisher (1.6.1):
    - ImageSlideshow/Core
    - Kingfisher (> 3.0)
  - IQKeyboardManagerSwift (6.1.1)
  - Kingfisher (4.8.1)
  - nanopb (0.3.8):
    - nanopb/decode (= 0.3.8)
    - nanopb/encode (= 0.3.8)
  - nanopb/decode (0.3.8)
  - nanopb/encode (0.3.8)
  - ObjectMapper (3.3.0)
  - Protobuf (3.6.1)
  - SideMenu (4.0.0)
  - SnapKit (4.0.0)
  - SwiftLint (0.27.0)
  - Toast-Swift (3.0.1)

DEPENDENCIES:
  - Alamofire (~> 4.7)
  - AlamofireObjectMapper (~> 5.0)
  - BetterSegmentedControl (~> 0.9)
  - BSImagePicker
  - DropDown
  - ExpandableCell
  - Firebase/Core
  - Firebase/Messaging
  - ImageSlideshow (~> 1.6)
  - ImageSlideshow/Kingfisher
  - IQKeyboardManagerSwift
  - Kingfisher
  - ObjectMapper (~> 3.1)
  - SideMenu
  - SnapKit (~> 4.0.0)
  - SwiftLint
  - Toast-Swift (~> 3.0.1)

SPEC REPOS:
  https://github.com/cocoapods/specs.git:
    - Alamofire
    - AlamofireObjectMapper
    - BetterSegmentedControl
    - BSGridCollectionViewLayout
    - BSImagePicker
    - BSImageView
    - DropDown
    - ExpandableCell
    - Firebase
    - FirebaseAnalytics
    - FirebaseCore
    - FirebaseInstanceID
    - FirebaseMessaging
    - GoogleAppMeasurement
    - GoogleUtilities
    - ImageSlideshow
    - IQKeyboardManagerSwift
    - Kingfisher
    - nanopb
    - ObjectMapper
    - Protobuf
    - SideMenu
    - SnapKit
    - SwiftLint
    - Toast-Swift

SPEC CHECKSUMS:
  Alamofire: c7287b6e5d7da964a70935e5db17046b7fde6568
  AlamofireObjectMapper: 3395e698901d8b0e6f48b7d0c43bd47875325102
  BetterSegmentedControl: 40b2b6a08bbc59663149624d1b5235efa8d43a3c
  BSGridCollectionViewLayout: 1a7d6f30517d3c9d181774bc74be4dfcab7b8115
  BSImagePicker: b06623bd22f1941bbb04168426b95d38017e3081
  BSImageView: ed9c50d917111d8cac66c21c5a41c03f57908819
  DropDown: 7f87abecc28f9b4edad810fe1211c5c018c257e5
  ExpandableCell: 99a7993b6b61af6a9b5821f67a772d6402ffcda2
  Firebase: 734a4f92957aa6c40e7ae3fda3d9359e1890aa87
  FirebaseAnalytics: 993577e91157feb40945abedd6ab346d8a4b6ac8
  FirebaseCore: 3a97432acb324b439fbed338e642f9cbb516a63d
  FirebaseInstanceID: ea5af6920d0a4a29b40459d055bebe4a6c1333c4
  FirebaseMessaging: 698c94dd1e3436346c29bb9c85dcdca4c4a0c30b
  GoogleAppMeasurement: f7507b39b70ad0bd80b3d81518b2f43868974307
  GoogleUtilities: 06b66f9567769a7958db20a92f0128b2843e49d5
  ImageSlideshow: f0f33e1a20668e83d77f5fb7729e4ae4437c0759
  IQKeyboardManagerSwift: 977affaeb4d6e971975c7790a6850f31d38f1207
  Kingfisher: 868c1149679a7ab6869be118faa9b5aed154aaf0
  nanopb: 5601e6bca2dbf1ed831b519092ec110f66982ca3
  ObjectMapper: b612bf8c8e99c4dc0bb6013a51f7c27966ed5da9
  Protobuf: 1eb9700044745f00181c136ef21b8ff3ad5a0fd5
  SideMenu: 70ee5657df63ec3382660ec4ef470bf1cf5db07d
  SnapKit: a42d492c16e80209130a3379f73596c3454b7694
  SwiftLint: 3207c1faa2240bf8973b191820a116113cd11073
  Toast-Swift: ba0b01b095aada709d915f9beb1d38184a2721c3

PODFILE CHECKSUM: 3fec3026c8d141aa8d89c171da82704641cd3920

COCOAPODS: 1.5.3
