PODS:
  - Alamofire (4.7.2)
  - BetterSegmentedControl (0.9)
  - ImageSlideshow (1.6.1):
    - ImageSlideshow/Core (= 1.6.1)
  - ImageSlideshow/Core (1.6.1)
  - IQKeyboardManagerSwift (6.0.4)
  - Kingfisher (4.8.0)
  - KWDrawerController (4.1.6):
    - KWDrawerController/Core (= 4.1.6)
  - KWDrawerController/Core (4.1.6)
  - SideMenu (4.0.0)
  - SnapKit (4.0.0)
  - SwiftLint (0.26.0)
  - Toast-Swift (3.0.1)

DEPENDENCIES:
  - Alamofire (~> 4.7)
  - BetterSegmentedControl (~> 0.9)
  - ImageSlideshow (~> 1.6)
  - IQKeyboardManagerSwift
  - Kingfisher
  - KWDrawerController (~> 4.1.6)
  - SideMenu
  - SnapKit (~> 4.0.0)
  - SwiftLint
  - Toast-Swift (~> 3.0.1)

SPEC REPOS:
  https://github.com/cocoapods/specs.git:
    - Alamofire
    - BetterSegmentedControl
    - ImageSlideshow
    - IQKeyboardManagerSwift
    - Kingfisher
    - KWDrawerController
    - SideMenu
    - SnapKit
    - SwiftLint
    - Toast-Swift

SPEC CHECKSUMS:
  Alamofire: e4fa87002c137ba2d8d634d2c51fabcda0d5c223
  BetterSegmentedControl: 40b2b6a08bbc59663149624d1b5235efa8d43a3c
  ImageSlideshow: f0f33e1a20668e83d77f5fb7729e4ae4437c0759
  IQKeyboardManagerSwift: 36dbe324b4f9793f5f41ba5227f3e7c76dfefd50
  Kingfisher: 976d828df2b24834c6a3f2fc4d82cdbd26552be1
  KWDrawerController: bf8fc10ddc596ddbfdabda401357a99dba04a1c8
  SideMenu: 70ee5657df63ec3382660ec4ef470bf1cf5db07d
  SnapKit: a42d492c16e80209130a3379f73596c3454b7694
  SwiftLint: f6b83e8d95ee1e91e11932d843af4fdcbf3fc764
  Toast-Swift: ba0b01b095aada709d915f9beb1d38184a2721c3

PODFILE CHECKSUM: 65cb5d07510a5f41f183f74722f6cad44f0fa419

COCOAPODS: 1.5.2
