// !$*UTF8*$!
{
	archiveVersion = 1;
	classes = {
	};
	objectVersion = 50;
	objects = {

/* Begin PBXBuildFile section */
		3BC68D241A715E3DFC33B503 /* Pods_InuMarket.framework in Frameworks */ = {isa = PBXBuildFile; fileRef = FC2EBCC3E2265A5F70DA7235 /* Pods_InuMarket.framework */; };
		C8200E2820F2539F0094E917 /* MyProductTableViewCell.swift in Sources */ = {isa = PBXBuildFile; fileRef = C8200E2720F2539F0094E917 /* MyProductTableViewCell.swift */; };
		C8200E2E20F256B30094E917 /* MyProductTableViewController.swift in Sources */ = {isa = PBXBuildFile; fileRef = C8200E2D20F256B30094E917 /* MyProductTableViewController.swift */; };
		C8200E3820F338FC0094E917 /* UploadCategoryViewController.swift in Sources */ = {isa = PBXBuildFile; fileRef = C8200E3720F338FC0094E917 /* UploadCategoryViewController.swift */; };
		C8200E3A20F3398C0094E917 /* UploadCategoryTableViewCell.swift in Sources */ = {isa = PBXBuildFile; fileRef = C8200E3920F3398C0094E917 /* UploadCategoryTableViewCell.swift */; };
		C8200E3C20F3412C0094E917 /* UploadInfoViewController.swift in Sources */ = {isa = PBXBuildFile; fileRef = C8200E3B20F3412C0094E917 /* UploadInfoViewController.swift */; };
		C8200E3E20F348D90094E917 /* Upload.storyboard in Resources */ = {isa = PBXBuildFile; fileRef = C8200E3D20F348D90094E917 /* Upload.storyboard */; };
		C8200E4020F393840094E917 /* UploadExplainViewController.swift in Sources */ = {isa = PBXBuildFile; fileRef = C8200E3F20F393840094E917 /* UploadExplainViewController.swift */; };
		C8235A80211EA87A0047AA70 /* UploadSubCategoryViewController.swift in Sources */ = {isa = PBXBuildFile; fileRef = C8235A7F211EA87A0047AA70 /* UploadSubCategoryViewController.swift */; };
		C8235A82211EA88A0047AA70 /* UploadSubCategoryCollectionViewCell.swift in Sources */ = {isa = PBXBuildFile; fileRef = C8235A81211EA88A0047AA70 /* UploadSubCategoryCollectionViewCell.swift */; };
		C8235A8C211F3F470047AA70 /* PreImageViewTableViewCell.swift in Sources */ = {isa = PBXBuildFile; fileRef = C8235A8B211F3F470047AA70 /* PreImageViewTableViewCell.swift */; };
		C8235A8E211F3F4E0047AA70 /* PreInfoViewTableViewCell.swift in Sources */ = {isa = PBXBuildFile; fileRef = C8235A8D211F3F4E0047AA70 /* PreInfoViewTableViewCell.swift */; };
		C8235A90211F3F5A0047AA70 /* PreExplainViewTableViewCell.swift in Sources */ = {isa = PBXBuildFile; fileRef = C8235A8F211F3F5A0047AA70 /* PreExplainViewTableViewCell.swift */; };
		C8235A92211F3F710047AA70 /* UploadPreViewController.swift in Sources */ = {isa = PBXBuildFile; fileRef = C8235A91211F3F710047AA70 /* UploadPreViewController.swift */; };
		C82D5B22210F728100F1ED42 /* SetPhoneViewController.swift in Sources */ = {isa = PBXBuildFile; fileRef = C82D5B21210F728100F1ED42 /* SetPhoneViewController.swift */; };
		C82D5B24210F72A300F1ED42 /* ReviewViewController.swift in Sources */ = {isa = PBXBuildFile; fileRef = C82D5B23210F72A300F1ED42 /* ReviewViewController.swift */; };
		C82D5B272112E85D00F1ED42 /* UploadPhotoViewController.swift in Sources */ = {isa = PBXBuildFile; fileRef = C82D5B262112E85D00F1ED42 /* UploadPhotoViewController.swift */; };
		C84EE2212112F45200941485 /* UploadPhotoCollectionViewCell.swift in Sources */ = {isa = PBXBuildFile; fileRef = C84EE2202112F45200941485 /* UploadPhotoCollectionViewCell.swift */; };
		C850EEF820F652CC002068F1 /* NetworkModel.swift in Sources */ = {isa = PBXBuildFile; fileRef = C850EEF720F652CC002068F1 /* NetworkModel.swift */; };
		C850EEFA20F65357002068F1 /* NetworkCallback.swift in Sources */ = {isa = PBXBuildFile; fileRef = C850EEF920F65357002068F1 /* NetworkCallback.swift */; };
		C855122C21172F20001779AD /* DBManager.swift in Sources */ = {isa = PBXBuildFile; fileRef = C855122B21172F20001779AD /* DBManager.swift */; };
		C855123021174701001779AD /* SettingTableViewCell.swift in Sources */ = {isa = PBXBuildFile; fileRef = C855122F21174701001779AD /* SettingTableViewCell.swift */; };
		C855A50921368B28009E6047 /* GoogleService-Info.plist in Resources */ = {isa = PBXBuildFile; fileRef = C855A50821368B28009E6047 /* GoogleService-Info.plist */; };
		C85A36B720F1ED4F008D4362 /* MainViewController.swift in Sources */ = {isa = PBXBuildFile; fileRef = C85A36B620F1ED4F008D4362 /* MainViewController.swift */; };
		C85A36BB20F1F3B0008D4362 /* CategoryViewController.swift in Sources */ = {isa = PBXBuildFile; fileRef = C85A36BA20F1F3B0008D4362 /* CategoryViewController.swift */; };
		C85A36BD20F1F3B6008D4362 /* MyPageViewController.swift in Sources */ = {isa = PBXBuildFile; fileRef = C85A36BC20F1F3B6008D4362 /* MyPageViewController.swift */; };
		C86BE4C3212D5355009C1A98 /* MyProductViewController.swift in Sources */ = {isa = PBXBuildFile; fileRef = C86BE4C2212D5355009C1A98 /* MyProductViewController.swift */; };
		C86EB094210B61DD005AE454 /* AgreementViewController.swift in Sources */ = {isa = PBXBuildFile; fileRef = C86EB093210B61DC005AE454 /* AgreementViewController.swift */; };
		C86EB096210B62C7005AE454 /* StudentInfoViewController.swift in Sources */ = {isa = PBXBuildFile; fileRef = C86EB095210B62C7005AE454 /* StudentInfoViewController.swift */; };
		C86EB098210B66C6005AE454 /* SetPasswdViewController.swift in Sources */ = {isa = PBXBuildFile; fileRef = C86EB097210B66C6005AE454 /* SetPasswdViewController.swift */; };
		C8725F2121189468004FD049 /* SettingViewController.swift in Sources */ = {isa = PBXBuildFile; fileRef = C8725F1C21189468004FD049 /* SettingViewController.swift */; };
		C8725F2221189468004FD049 /* PhoneChangeViewController.swift in Sources */ = {isa = PBXBuildFile; fileRef = C8725F1D21189468004FD049 /* PhoneChangeViewController.swift */; };
		C8725F2321189468004FD049 /* ChangePasswordViewController.swift in Sources */ = {isa = PBXBuildFile; fileRef = C8725F1E21189468004FD049 /* ChangePasswordViewController.swift */; };
		C8725F2421189468004FD049 /* QustViewController.swift in Sources */ = {isa = PBXBuildFile; fileRef = C8725F1F21189468004FD049 /* QustViewController.swift */; };
		C8725F2521189468004FD049 /* WithdrawalViewController.swift in Sources */ = {isa = PBXBuildFile; fileRef = C8725F2021189468004FD049 /* WithdrawalViewController.swift */; };
		C8725F272118948A004FD049 /* Setting.storyboard in Resources */ = {isa = PBXBuildFile; fileRef = C8725F262118948A004FD049 /* Setting.storyboard */; };
		C8821B6A20E8AE2A009D8CD0 /* AppDelegate.swift in Sources */ = {isa = PBXBuildFile; fileRef = C8821B6920E8AE2A009D8CD0 /* AppDelegate.swift */; };
		C8821B6C20E8AE2A009D8CD0 /* LoginViewController.swift in Sources */ = {isa = PBXBuildFile; fileRef = C8821B6B20E8AE2A009D8CD0 /* LoginViewController.swift */; };
		C8821B6F20E8AE2A009D8CD0 /* Login.storyboard in Resources */ = {isa = PBXBuildFile; fileRef = C8821B6D20E8AE2A009D8CD0 /* Login.storyboard */; };
		C8821B7120E8AE2A009D8CD0 /* Assets.xcassets in Resources */ = {isa = PBXBuildFile; fileRef = C8821B7020E8AE2A009D8CD0 /* Assets.xcassets */; };
		C8821B7420E8AE2A009D8CD0 /* LaunchScreen.storyboard in Resources */ = {isa = PBXBuildFile; fileRef = C8821B7220E8AE2A009D8CD0 /* LaunchScreen.storyboard */; };
		C88AEA742108B50F00182BD9 /* ForgotPasswordViewController.swift in Sources */ = {isa = PBXBuildFile; fileRef = C88AEA732108B50F00182BD9 /* ForgotPasswordViewController.swift */; };
		C899F8EA20F1000200C61BC2 /* Main.storyboard in Resources */ = {isa = PBXBuildFile; fileRef = C899F8E920F1000200C61BC2 /* Main.storyboard */; };
		C899F8EC20F1002400C61BC2 /* Category.storyboard in Resources */ = {isa = PBXBuildFile; fileRef = C899F8EB20F1002400C61BC2 /* Category.storyboard */; };
		C899F8EE20F1006300C61BC2 /* MyPage.storyboard in Resources */ = {isa = PBXBuildFile; fileRef = C899F8ED20F1006300C61BC2 /* MyPage.storyboard */; };
		C8AC9CB221246C60007F7FA1 /* CategoryProductViewController.swift in Sources */ = {isa = PBXBuildFile; fileRef = C8AC9CB121246C60007F7FA1 /* CategoryProductViewController.swift */; };
		CB1D7A73211C41D2007A4E9F /* Detail.storyboard in Resources */ = {isa = PBXBuildFile; fileRef = CB1D7A72211C41D2007A4E9F /* Detail.storyboard */; };
		CB2EA20E2118833300BFC9B3 /* MainCollectionViewCell.swift in Sources */ = {isa = PBXBuildFile; fileRef = CB2EA20D2118833300BFC9B3 /* MainCollectionViewCell.swift */; };
		CB2EA2102118834C00BFC9B3 /* MainHeaderCollectionViewCell.swift in Sources */ = {isa = PBXBuildFile; fileRef = CB2EA20F2118834C00BFC9B3 /* MainHeaderCollectionViewCell.swift */; };
		CB302E2C211C8CCC00C95E0D /* DetailHeaderCollectionViewCell.swift in Sources */ = {isa = PBXBuildFile; fileRef = CB302E2B211C8CCC00C95E0D /* DetailHeaderCollectionViewCell.swift */; };
		CB302E2E211C8CDD00C95E0D /* DetailCollectionViewCell.swift in Sources */ = {isa = PBXBuildFile; fileRef = CB302E2D211C8CDD00C95E0D /* DetailCollectionViewCell.swift */; };
		CB302E30211C8CEB00C95E0D /* DetailFooterCollectionViewCell.swift in Sources */ = {isa = PBXBuildFile; fileRef = CB302E2F211C8CEB00C95E0D /* DetailFooterCollectionViewCell.swift */; };
		CB302E33211C99DA00C95E0D /* SendLetterViewController.swift in Sources */ = {isa = PBXBuildFile; fileRef = CB302E32211C99DA00C95E0D /* SendLetterViewController.swift */; };
		CB3DCBF72127D8A4009EF084 /* OtherProductViewController.swift in Sources */ = {isa = PBXBuildFile; fileRef = CB3DCBF62127D8A4009EF084 /* OtherProductViewController.swift */; };
		CB7A08AF211DDB4D00573BB5 /* CheckLetterViewController.swift in Sources */ = {isa = PBXBuildFile; fileRef = CB7A08AE211DDB4D00573BB5 /* CheckLetterViewController.swift */; };
		CBA00417211AA91400B62390 /* BannerCollectionViewCell.swift in Sources */ = {isa = PBXBuildFile; fileRef = CBA00416211AA91400B62390 /* BannerCollectionViewCell.swift */; };
		CBA00419211AA91D00B62390 /* LetterCollectionViewCell.swift in Sources */ = {isa = PBXBuildFile; fileRef = CBA00418211AA91D00B62390 /* LetterCollectionViewCell.swift */; };
		CBA0041E211AC6AA00B62390 /* LetterBoxViewController.swift in Sources */ = {isa = PBXBuildFile; fileRef = CBA0041D211AC6AA00B62390 /* LetterBoxViewController.swift */; };
		CBA00420211AC6B800B62390 /* DetailViewController.swift in Sources */ = {isa = PBXBuildFile; fileRef = CBA0041F211AC6B800B62390 /* DetailViewController.swift */; };
		CBA00422211B22C200B62390 /* VKExpenableButton.swift in Sources */ = {isa = PBXBuildFile; fileRef = CBA00421211B22C200B62390 /* VKExpenableButton.swift */; };
		CBDE37B12130021F00CA5407 /* CategoryTitleTableViewCell.swift in Sources */ = {isa = PBXBuildFile; fileRef = CBDE37AF2130021F00CA5407 /* CategoryTitleTableViewCell.swift */; };
		CBDE37B22130021F00CA5407 /* CategoryTitleTableViewCell.xib in Resources */ = {isa = PBXBuildFile; fileRef = CBDE37B02130021F00CA5407 /* CategoryTitleTableViewCell.xib */; };
		CBDE37B62130025400CA5407 /* CategoryDetailTableViewCell.swift in Sources */ = {isa = PBXBuildFile; fileRef = CBDE37B42130025400CA5407 /* CategoryDetailTableViewCell.swift */; };
		CBDE37B72130025400CA5407 /* CategoryDetailTableViewCell.xib in Resources */ = {isa = PBXBuildFile; fileRef = CBDE37B52130025400CA5407 /* CategoryDetailTableViewCell.xib */; };
		CBF90DCD2124A348007D0937 /* LetterListTableViewCell.swift in Sources */ = {isa = PBXBuildFile; fileRef = CBF90DCB2124A348007D0937 /* LetterListTableViewCell.swift */; };
		CBF90DCE2124A348007D0937 /* LetterListTableViewCell.xib in Resources */ = {isa = PBXBuildFile; fileRef = CBF90DCC2124A348007D0937 /* LetterListTableViewCell.xib */; };
		CBF90DD12124A381007D0937 /* LetterContentTableViewCell.swift in Sources */ = {isa = PBXBuildFile; fileRef = CBF90DCF2124A381007D0937 /* LetterContentTableViewCell.swift */; };
		CBF90DD22124A381007D0937 /* LetterContentTableViewCell.xib in Resources */ = {isa = PBXBuildFile; fileRef = CBF90DD02124A381007D0937 /* LetterContentTableViewCell.xib */; };
/* End PBXBuildFile section */

/* Begin PBXFileReference section */
		560A9615F731506ADBCABA52 /* Pods-InuMarket.debug.xcconfig */ = {isa = PBXFileReference; includeInIndex = 1; lastKnownFileType = text.xcconfig; name = "Pods-InuMarket.debug.xcconfig"; path = "Pods/Target Support Files/Pods-InuMarket/Pods-InuMarket.debug.xcconfig"; sourceTree = "<group>"; };
		C8200E2720F2539F0094E917 /* MyProductTableViewCell.swift */ = {isa = PBXFileReference; lastKnownFileType = sourcecode.swift; path = MyProductTableViewCell.swift; sourceTree = "<group>"; };
		C8200E2D20F256B30094E917 /* MyProductTableViewController.swift */ = {isa = PBXFileReference; lastKnownFileType = sourcecode.swift; path = MyProductTableViewController.swift; sourceTree = "<group>"; };
		C8200E3720F338FC0094E917 /* UploadCategoryViewController.swift */ = {isa = PBXFileReference; lastKnownFileType = sourcecode.swift; path = UploadCategoryViewController.swift; sourceTree = "<group>"; };
		C8200E3920F3398C0094E917 /* UploadCategoryTableViewCell.swift */ = {isa = PBXFileReference; lastKnownFileType = sourcecode.swift; path = UploadCategoryTableViewCell.swift; sourceTree = "<group>"; };
		C8200E3B20F3412C0094E917 /* UploadInfoViewController.swift */ = {isa = PBXFileReference; lastKnownFileType = sourcecode.swift; name = UploadInfoViewController.swift; path = InuMarket/ViewControllers/Upload/UploadInfoViewController.swift; sourceTree = SOURCE_ROOT; };
		C8200E3D20F348D90094E917 /* Upload.storyboard */ = {isa = PBXFileReference; lastKnownFileType = file.storyboard; path = Upload.storyboard; sourceTree = "<group>"; };
		C8200E3F20F393840094E917 /* UploadExplainViewController.swift */ = {isa = PBXFileReference; lastKnownFileType = sourcecode.swift; path = UploadExplainViewController.swift; sourceTree = "<group>"; };
		C8235A7F211EA87A0047AA70 /* UploadSubCategoryViewController.swift */ = {isa = PBXFileReference; lastKnownFileType = sourcecode.swift; path = UploadSubCategoryViewController.swift; sourceTree = "<group>"; };
		C8235A81211EA88A0047AA70 /* UploadSubCategoryCollectionViewCell.swift */ = {isa = PBXFileReference; lastKnownFileType = sourcecode.swift; path = UploadSubCategoryCollectionViewCell.swift; sourceTree = "<group>"; };
		C8235A8B211F3F470047AA70 /* PreImageViewTableViewCell.swift */ = {isa = PBXFileReference; lastKnownFileType = sourcecode.swift; path = PreImageViewTableViewCell.swift; sourceTree = "<group>"; };
		C8235A8D211F3F4E0047AA70 /* PreInfoViewTableViewCell.swift */ = {isa = PBXFileReference; lastKnownFileType = sourcecode.swift; path = PreInfoViewTableViewCell.swift; sourceTree = "<group>"; };
		C8235A8F211F3F5A0047AA70 /* PreExplainViewTableViewCell.swift */ = {isa = PBXFileReference; lastKnownFileType = sourcecode.swift; path = PreExplainViewTableViewCell.swift; sourceTree = "<group>"; };
		C8235A91211F3F710047AA70 /* UploadPreViewController.swift */ = {isa = PBXFileReference; lastKnownFileType = sourcecode.swift; path = UploadPreViewController.swift; sourceTree = "<group>"; };
		C82D5B21210F728100F1ED42 /* SetPhoneViewController.swift */ = {isa = PBXFileReference; lastKnownFileType = sourcecode.swift; path = SetPhoneViewController.swift; sourceTree = "<group>"; };
		C82D5B23210F72A300F1ED42 /* ReviewViewController.swift */ = {isa = PBXFileReference; lastKnownFileType = sourcecode.swift; path = ReviewViewController.swift; sourceTree = "<group>"; };
		C82D5B262112E85D00F1ED42 /* UploadPhotoViewController.swift */ = {isa = PBXFileReference; lastKnownFileType = sourcecode.swift; path = UploadPhotoViewController.swift; sourceTree = "<group>"; };
		C84EE2202112F45200941485 /* UploadPhotoCollectionViewCell.swift */ = {isa = PBXFileReference; lastKnownFileType = sourcecode.swift; path = UploadPhotoCollectionViewCell.swift; sourceTree = "<group>"; };
		C850EEF720F652CC002068F1 /* NetworkModel.swift */ = {isa = PBXFileReference; lastKnownFileType = sourcecode.swift; path = NetworkModel.swift; sourceTree = "<group>"; };
		C850EEF920F65357002068F1 /* NetworkCallback.swift */ = {isa = PBXFileReference; lastKnownFileType = sourcecode.swift; path = NetworkCallback.swift; sourceTree = "<group>"; };
		C855122B21172F20001779AD /* DBManager.swift */ = {isa = PBXFileReference; lastKnownFileType = sourcecode.swift; path = DBManager.swift; sourceTree = "<group>"; };
		C855122F21174701001779AD /* SettingTableViewCell.swift */ = {isa = PBXFileReference; lastKnownFileType = sourcecode.swift; path = SettingTableViewCell.swift; sourceTree = "<group>"; };
		C855A50821368B28009E6047 /* GoogleService-Info.plist */ = {isa = PBXFileReference; fileEncoding = 4; lastKnownFileType = text.plist.xml; path = "GoogleService-Info.plist"; sourceTree = "<group>"; };
		C855A50A21368E2E009E6047 /* InuMarket.entitlements */ = {isa = PBXFileReference; lastKnownFileType = text.plist.entitlements; path = InuMarket.entitlements; sourceTree = "<group>"; };
		C85A36B620F1ED4F008D4362 /* MainViewController.swift */ = {isa = PBXFileReference; lastKnownFileType = sourcecode.swift; path = MainViewController.swift; sourceTree = "<group>"; };
		C85A36BA20F1F3B0008D4362 /* CategoryViewController.swift */ = {isa = PBXFileReference; lastKnownFileType = sourcecode.swift; path = CategoryViewController.swift; sourceTree = "<group>"; };
		C85A36BC20F1F3B6008D4362 /* MyPageViewController.swift */ = {isa = PBXFileReference; lastKnownFileType = sourcecode.swift; path = MyPageViewController.swift; sourceTree = "<group>"; };
		C86BE4C2212D5355009C1A98 /* MyProductViewController.swift */ = {isa = PBXFileReference; lastKnownFileType = sourcecode.swift; path = MyProductViewController.swift; sourceTree = "<group>"; };
		C86EB093210B61DC005AE454 /* AgreementViewController.swift */ = {isa = PBXFileReference; lastKnownFileType = sourcecode.swift; path = AgreementViewController.swift; sourceTree = "<group>"; };
		C86EB095210B62C7005AE454 /* StudentInfoViewController.swift */ = {isa = PBXFileReference; lastKnownFileType = sourcecode.swift; path = StudentInfoViewController.swift; sourceTree = "<group>"; };
		C86EB097210B66C6005AE454 /* SetPasswdViewController.swift */ = {isa = PBXFileReference; lastKnownFileType = sourcecode.swift; path = SetPasswdViewController.swift; sourceTree = "<group>"; };
		C8725F1C21189468004FD049 /* SettingViewController.swift */ = {isa = PBXFileReference; fileEncoding = 4; lastKnownFileType = sourcecode.swift; path = SettingViewController.swift; sourceTree = "<group>"; };
		C8725F1D21189468004FD049 /* PhoneChangeViewController.swift */ = {isa = PBXFileReference; fileEncoding = 4; lastKnownFileType = sourcecode.swift; path = PhoneChangeViewController.swift; sourceTree = "<group>"; };
		C8725F1E21189468004FD049 /* ChangePasswordViewController.swift */ = {isa = PBXFileReference; fileEncoding = 4; lastKnownFileType = sourcecode.swift; path = ChangePasswordViewController.swift; sourceTree = "<group>"; };
		C8725F1F21189468004FD049 /* QustViewController.swift */ = {isa = PBXFileReference; fileEncoding = 4; lastKnownFileType = sourcecode.swift; path = QustViewController.swift; sourceTree = "<group>"; };
		C8725F2021189468004FD049 /* WithdrawalViewController.swift */ = {isa = PBXFileReference; fileEncoding = 4; lastKnownFileType = sourcecode.swift; path = WithdrawalViewController.swift; sourceTree = "<group>"; };
		C8725F262118948A004FD049 /* Setting.storyboard */ = {isa = PBXFileReference; fileEncoding = 4; lastKnownFileType = file.storyboard; path = Setting.storyboard; sourceTree = "<group>"; };
		C8821B6620E8AE2A009D8CD0 /* InuMarket.app */ = {isa = PBXFileReference; explicitFileType = wrapper.application; includeInIndex = 0; path = InuMarket.app; sourceTree = BUILT_PRODUCTS_DIR; };
		C8821B6920E8AE2A009D8CD0 /* AppDelegate.swift */ = {isa = PBXFileReference; lastKnownFileType = sourcecode.swift; path = AppDelegate.swift; sourceTree = "<group>"; };
		C8821B6B20E8AE2A009D8CD0 /* LoginViewController.swift */ = {isa = PBXFileReference; lastKnownFileType = sourcecode.swift; path = LoginViewController.swift; sourceTree = "<group>"; };
		C8821B6E20E8AE2A009D8CD0 /* Base */ = {isa = PBXFileReference; lastKnownFileType = file.storyboard; name = Base; path = Base.lproj/Login.storyboard; sourceTree = "<group>"; };
		C8821B7020E8AE2A009D8CD0 /* Assets.xcassets */ = {isa = PBXFileReference; lastKnownFileType = folder.assetcatalog; path = Assets.xcassets; sourceTree = "<group>"; };
		C8821B7320E8AE2A009D8CD0 /* Base */ = {isa = PBXFileReference; lastKnownFileType = file.storyboard; name = Base; path = Base.lproj/LaunchScreen.storyboard; sourceTree = "<group>"; };
		C8821B7520E8AE2A009D8CD0 /* Info.plist */ = {isa = PBXFileReference; lastKnownFileType = text.plist.xml; path = Info.plist; sourceTree = "<group>"; };
		C88AEA732108B50F00182BD9 /* ForgotPasswordViewController.swift */ = {isa = PBXFileReference; lastKnownFileType = sourcecode.swift; path = ForgotPasswordViewController.swift; sourceTree = "<group>"; };
		C899F8E920F1000200C61BC2 /* Main.storyboard */ = {isa = PBXFileReference; lastKnownFileType = file.storyboard; path = Main.storyboard; sourceTree = "<group>"; };
		C899F8EB20F1002400C61BC2 /* Category.storyboard */ = {isa = PBXFileReference; lastKnownFileType = file.storyboard; path = Category.storyboard; sourceTree = "<group>"; };
		C899F8ED20F1006300C61BC2 /* MyPage.storyboard */ = {isa = PBXFileReference; lastKnownFileType = file.storyboard; path = MyPage.storyboard; sourceTree = "<group>"; };
		C8AC9CB121246C60007F7FA1 /* CategoryProductViewController.swift */ = {isa = PBXFileReference; lastKnownFileType = sourcecode.swift; path = CategoryProductViewController.swift; sourceTree = "<group>"; };
		CB1D7A72211C41D2007A4E9F /* Detail.storyboard */ = {isa = PBXFileReference; lastKnownFileType = file.storyboard; path = Detail.storyboard; sourceTree = "<group>"; };
		CB2EA20D2118833300BFC9B3 /* MainCollectionViewCell.swift */ = {isa = PBXFileReference; lastKnownFileType = sourcecode.swift; path = MainCollectionViewCell.swift; sourceTree = "<group>"; };
		CB2EA20F2118834C00BFC9B3 /* MainHeaderCollectionViewCell.swift */ = {isa = PBXFileReference; lastKnownFileType = sourcecode.swift; path = MainHeaderCollectionViewCell.swift; sourceTree = "<group>"; };
		CB302E2B211C8CCC00C95E0D /* DetailHeaderCollectionViewCell.swift */ = {isa = PBXFileReference; lastKnownFileType = sourcecode.swift; path = DetailHeaderCollectionViewCell.swift; sourceTree = "<group>"; };
		CB302E2D211C8CDD00C95E0D /* DetailCollectionViewCell.swift */ = {isa = PBXFileReference; lastKnownFileType = sourcecode.swift; path = DetailCollectionViewCell.swift; sourceTree = "<group>"; };
		CB302E2F211C8CEB00C95E0D /* DetailFooterCollectionViewCell.swift */ = {isa = PBXFileReference; lastKnownFileType = sourcecode.swift; path = DetailFooterCollectionViewCell.swift; sourceTree = "<group>"; };
		CB302E32211C99DA00C95E0D /* SendLetterViewController.swift */ = {isa = PBXFileReference; lastKnownFileType = sourcecode.swift; path = SendLetterViewController.swift; sourceTree = "<group>"; };
		CB3DCBF62127D8A4009EF084 /* OtherProductViewController.swift */ = {isa = PBXFileReference; lastKnownFileType = sourcecode.swift; path = OtherProductViewController.swift; sourceTree = "<group>"; };
		CB7A08AE211DDB4D00573BB5 /* CheckLetterViewController.swift */ = {isa = PBXFileReference; lastKnownFileType = sourcecode.swift; path = CheckLetterViewController.swift; sourceTree = "<group>"; };
		CBA00416211AA91400B62390 /* BannerCollectionViewCell.swift */ = {isa = PBXFileReference; lastKnownFileType = sourcecode.swift; path = BannerCollectionViewCell.swift; sourceTree = "<group>"; };
		CBA00418211AA91D00B62390 /* LetterCollectionViewCell.swift */ = {isa = PBXFileReference; lastKnownFileType = sourcecode.swift; path = LetterCollectionViewCell.swift; sourceTree = "<group>"; };
		CBA0041D211AC6AA00B62390 /* LetterBoxViewController.swift */ = {isa = PBXFileReference; lastKnownFileType = sourcecode.swift; path = LetterBoxViewController.swift; sourceTree = "<group>"; };
		CBA0041F211AC6B800B62390 /* DetailViewController.swift */ = {isa = PBXFileReference; lastKnownFileType = sourcecode.swift; path = DetailViewController.swift; sourceTree = "<group>"; };
		CBA00421211B22C200B62390 /* VKExpenableButton.swift */ = {isa = PBXFileReference; lastKnownFileType = sourcecode.swift; path = VKExpenableButton.swift; sourceTree = "<group>"; };
		CBDE37AF2130021F00CA5407 /* CategoryTitleTableViewCell.swift */ = {isa = PBXFileReference; lastKnownFileType = sourcecode.swift; path = CategoryTitleTableViewCell.swift; sourceTree = "<group>"; };
		CBDE37B02130021F00CA5407 /* CategoryTitleTableViewCell.xib */ = {isa = PBXFileReference; lastKnownFileType = file.xib; path = CategoryTitleTableViewCell.xib; sourceTree = "<group>"; };
		CBDE37B42130025400CA5407 /* CategoryDetailTableViewCell.swift */ = {isa = PBXFileReference; lastKnownFileType = sourcecode.swift; path = CategoryDetailTableViewCell.swift; sourceTree = "<group>"; };
		CBDE37B52130025400CA5407 /* CategoryDetailTableViewCell.xib */ = {isa = PBXFileReference; lastKnownFileType = file.xib; path = CategoryDetailTableViewCell.xib; sourceTree = "<group>"; };
		CBF90DCB2124A348007D0937 /* LetterListTableViewCell.swift */ = {isa = PBXFileReference; lastKnownFileType = sourcecode.swift; path = LetterListTableViewCell.swift; sourceTree = "<group>"; };
		CBF90DCC2124A348007D0937 /* LetterListTableViewCell.xib */ = {isa = PBXFileReference; lastKnownFileType = file.xib; path = LetterListTableViewCell.xib; sourceTree = "<group>"; };
		CBF90DCF2124A381007D0937 /* LetterContentTableViewCell.swift */ = {isa = PBXFileReference; lastKnownFileType = sourcecode.swift; path = LetterContentTableViewCell.swift; sourceTree = "<group>"; };
		CBF90DD02124A381007D0937 /* LetterContentTableViewCell.xib */ = {isa = PBXFileReference; lastKnownFileType = file.xib; path = LetterContentTableViewCell.xib; sourceTree = "<group>"; };
		E8A3193499A2714AB79C2E25 /* Pods-InuMarket.release.xcconfig */ = {isa = PBXFileReference; includeInIndex = 1; lastKnownFileType = text.xcconfig; name = "Pods-InuMarket.release.xcconfig"; path = "Pods/Target Support Files/Pods-InuMarket/Pods-InuMarket.release.xcconfig"; sourceTree = "<group>"; };
		FC2EBCC3E2265A5F70DA7235 /* Pods_InuMarket.framework */ = {isa = PBXFileReference; explicitFileType = wrapper.framework; includeInIndex = 0; path = Pods_InuMarket.framework; sourceTree = BUILT_PRODUCTS_DIR; };
/* End PBXFileReference section */

/* Begin PBXFrameworksBuildPhase section */
		C8821B6320E8AE2A009D8CD0 /* Frameworks */ = {
			isa = PBXFrameworksBuildPhase;
			buildActionMask = 2147483647;
			files = (
				3BC68D241A715E3DFC33B503 /* Pods_InuMarket.framework in Frameworks */,
			);
			runOnlyForDeploymentPostprocessing = 0;
		};
/* End PBXFrameworksBuildPhase section */

/* Begin PBXGroup section */
		5F4F8D996192BF7410A1F1ED /* Pods */ = {
			isa = PBXGroup;
			children = (
				560A9615F731506ADBCABA52 /* Pods-InuMarket.debug.xcconfig */,
				E8A3193499A2714AB79C2E25 /* Pods-InuMarket.release.xcconfig */,
			);
			name = Pods;
			sourceTree = "<group>";
		};
		8B46AF9429556073BE21A1F9 /* Frameworks */ = {
			isa = PBXGroup;
			children = (
				FC2EBCC3E2265A5F70DA7235 /* Pods_InuMarket.framework */,
			);
			name = Frameworks;
			sourceTree = "<group>";
		};
		C8188C2320E9B71D007AC640 /* Storyboards */ = {
			isa = PBXGroup;
			children = (
				C8821B6D20E8AE2A009D8CD0 /* Login.storyboard */,
				C899F8E920F1000200C61BC2 /* Main.storyboard */,
				C899F8EB20F1002400C61BC2 /* Category.storyboard */,
				C899F8ED20F1006300C61BC2 /* MyPage.storyboard */,
				C8200E3D20F348D90094E917 /* Upload.storyboard */,
				C8725F262118948A004FD049 /* Setting.storyboard */,
				CB1D7A72211C41D2007A4E9F /* Detail.storyboard */,
			);
			path = Storyboards;
			sourceTree = "<group>";
		};
		C8188C2420E9B744007AC640 /* ViewControllers */ = {
			isa = PBXGroup;
			children = (
				C8235A95211F4A350047AA70 /* Category */,
				C8725F1B21189468004FD049 /* Setting */,
				CB2EA20C211882EA00BFC9B3 /* Main */,
				CB1D7A74211C4BBA007A4E9F /* Detail */,
				C82D5B252112E82E00F1ED42 /* Upload */,
				C86EB092210B617B005AE454 /* SignUp */,
				C8821B6B20E8AE2A009D8CD0 /* LoginViewController.swift */,
				C88AEA732108B50F00182BD9 /* ForgotPasswordViewController.swift */,
				C85A36BC20F1F3B6008D4362 /* MyPageViewController.swift */,
				C8200E2D20F256B30094E917 /* MyProductTableViewController.swift */,
				C86BE4C2212D5355009C1A98 /* MyProductViewController.swift */,
			);
			path = ViewControllers;
			sourceTree = "<group>";
		};
		C8200E2620F253260094E917 /* Models */ = {
			isa = PBXGroup;
			children = (
				C8200E2720F2539F0094E917 /* MyProductTableViewCell.swift */,
				C8200E3920F3398C0094E917 /* UploadCategoryTableViewCell.swift */,
				C84EE2202112F45200941485 /* UploadPhotoCollectionViewCell.swift */,
				C8235A81211EA88A0047AA70 /* UploadSubCategoryCollectionViewCell.swift */,
				C855122F21174701001779AD /* SettingTableViewCell.swift */,
				C850EEF720F652CC002068F1 /* NetworkModel.swift */,
				C850EEF920F65357002068F1 /* NetworkCallback.swift */,
				C855122B21172F20001779AD /* DBManager.swift */,
			);
			path = Models;
			sourceTree = "<group>";
		};
		C8235A8A211F3F2F0047AA70 /* TableCell */ = {
			isa = PBXGroup;
			children = (
				C8235A8B211F3F470047AA70 /* PreImageViewTableViewCell.swift */,
				C8235A8D211F3F4E0047AA70 /* PreInfoViewTableViewCell.swift */,
				C8235A8F211F3F5A0047AA70 /* PreExplainViewTableViewCell.swift */,
			);
			path = TableCell;
			sourceTree = "<group>";
		};
		C8235A95211F4A350047AA70 /* Category */ = {
			isa = PBXGroup;
			children = (
				CBDE37B32130022A00CA5407 /* tableCell */,
				C85A36BA20F1F3B0008D4362 /* CategoryViewController.swift */,
				C8AC9CB121246C60007F7FA1 /* CategoryProductViewController.swift */,
			);
			path = Category;
			sourceTree = "<group>";
		};
		C82D5B252112E82E00F1ED42 /* Upload */ = {
			isa = PBXGroup;
			children = (
				C8235A8A211F3F2F0047AA70 /* TableCell */,
				C8200E3720F338FC0094E917 /* UploadCategoryViewController.swift */,
				C8200E3B20F3412C0094E917 /* UploadInfoViewController.swift */,
				C8200E3F20F393840094E917 /* UploadExplainViewController.swift */,
				C82D5B262112E85D00F1ED42 /* UploadPhotoViewController.swift */,
				C8235A7F211EA87A0047AA70 /* UploadSubCategoryViewController.swift */,
				C8235A91211F3F710047AA70 /* UploadPreViewController.swift */,
			);
			path = Upload;
			sourceTree = "<group>";
		};
		C86EB092210B617B005AE454 /* SignUp */ = {
			isa = PBXGroup;
			children = (
				C86EB093210B61DC005AE454 /* AgreementViewController.swift */,
				C86EB095210B62C7005AE454 /* StudentInfoViewController.swift */,
				C86EB097210B66C6005AE454 /* SetPasswdViewController.swift */,
				C82D5B21210F728100F1ED42 /* SetPhoneViewController.swift */,
				C82D5B23210F72A300F1ED42 /* ReviewViewController.swift */,
			);
			path = SignUp;
			sourceTree = "<group>";
		};
		C8725F1B21189468004FD049 /* Setting */ = {
			isa = PBXGroup;
			children = (
				C8725F1C21189468004FD049 /* SettingViewController.swift */,
				C8725F1D21189468004FD049 /* PhoneChangeViewController.swift */,
				C8725F1E21189468004FD049 /* ChangePasswordViewController.swift */,
				C8725F1F21189468004FD049 /* QustViewController.swift */,
				C8725F2021189468004FD049 /* WithdrawalViewController.swift */,
			);
			path = Setting;
			sourceTree = "<group>";
		};
		C8821B5D20E8AE2A009D8CD0 = {
			isa = PBXGroup;
			children = (
				C8821B6820E8AE2A009D8CD0 /* InuMarket */,
				C8821B6720E8AE2A009D8CD0 /* Products */,
				5F4F8D996192BF7410A1F1ED /* Pods */,
				8B46AF9429556073BE21A1F9 /* Frameworks */,
			);
			sourceTree = "<group>";
		};
		C8821B6720E8AE2A009D8CD0 /* Products */ = {
			isa = PBXGroup;
			children = (
				C8821B6620E8AE2A009D8CD0 /* InuMarket.app */,
			);
			name = Products;
			sourceTree = "<group>";
		};
		C8821B6820E8AE2A009D8CD0 /* InuMarket */ = {
			isa = PBXGroup;
			children = (
				C855A50A21368E2E009E6047 /* InuMarket.entitlements */,
				C8200E2620F253260094E917 /* Models */,
				C8188C2420E9B744007AC640 /* ViewControllers */,
				C8188C2320E9B71D007AC640 /* Storyboards */,
				C8821B6920E8AE2A009D8CD0 /* AppDelegate.swift */,
				C8821B7020E8AE2A009D8CD0 /* Assets.xcassets */,
				C8821B7220E8AE2A009D8CD0 /* LaunchScreen.storyboard */,
				C8821B7520E8AE2A009D8CD0 /* Info.plist */,
				C855A50821368B28009E6047 /* GoogleService-Info.plist */,
			);
			path = InuMarket;
			sourceTree = "<group>";
		};
		CB1D7A74211C4BBA007A4E9F /* Detail */ = {
			isa = PBXGroup;
			children = (
				CB302E31211C8CF300C95E0D /* collectionCell */,
				CBA0041F211AC6B800B62390 /* DetailViewController.swift */,
				CB302E32211C99DA00C95E0D /* SendLetterViewController.swift */,
				CB7A08AE211DDB4D00573BB5 /* CheckLetterViewController.swift */,
				CB3DCBF62127D8A4009EF084 /* OtherProductViewController.swift */,
			);
			path = Detail;
			sourceTree = "<group>";
		};
		CB2EA20C211882EA00BFC9B3 /* Main */ = {
			isa = PBXGroup;
			children = (
				CBA00421211B22C200B62390 /* VKExpenableButton.swift */,
				CBA0041A211AC66400B62390 /* collectionCell */,
				C85A36B620F1ED4F008D4362 /* MainViewController.swift */,
				CBF90DCA21249F6B007D0937 /* tableCell */,
				CBA0041D211AC6AA00B62390 /* LetterBoxViewController.swift */,
			);
			path = Main;
			sourceTree = "<group>";
		};
		CB302E31211C8CF300C95E0D /* collectionCell */ = {
			isa = PBXGroup;
			children = (
				CB302E2B211C8CCC00C95E0D /* DetailHeaderCollectionViewCell.swift */,
				CB302E2D211C8CDD00C95E0D /* DetailCollectionViewCell.swift */,
				CB302E2F211C8CEB00C95E0D /* DetailFooterCollectionViewCell.swift */,
			);
			path = collectionCell;
			sourceTree = "<group>";
		};
		CBA0041A211AC66400B62390 /* collectionCell */ = {
			isa = PBXGroup;
			children = (
				CB2EA20F2118834C00BFC9B3 /* MainHeaderCollectionViewCell.swift */,
				CBA00416211AA91400B62390 /* BannerCollectionViewCell.swift */,
				CBA00418211AA91D00B62390 /* LetterCollectionViewCell.swift */,
				CB2EA20D2118833300BFC9B3 /* MainCollectionViewCell.swift */,
			);
			path = collectionCell;
			sourceTree = "<group>";
		};
		CBDE37B32130022A00CA5407 /* tableCell */ = {
			isa = PBXGroup;
			children = (
				CBDE37AF2130021F00CA5407 /* CategoryTitleTableViewCell.swift */,
				CBDE37B02130021F00CA5407 /* CategoryTitleTableViewCell.xib */,
				CBDE37B42130025400CA5407 /* CategoryDetailTableViewCell.swift */,
				CBDE37B52130025400CA5407 /* CategoryDetailTableViewCell.xib */,
			);
			name = tableCell;
			path = "New Group";
			sourceTree = "<group>";
		};
		CBF90DCA21249F6B007D0937 /* tableCell */ = {
			isa = PBXGroup;
			children = (
				CBF90DCB2124A348007D0937 /* LetterListTableViewCell.swift */,
				CBF90DCC2124A348007D0937 /* LetterListTableViewCell.xib */,
				CBF90DCF2124A381007D0937 /* LetterContentTableViewCell.swift */,
				CBF90DD02124A381007D0937 /* LetterContentTableViewCell.xib */,
			);
			path = tableCell;
			sourceTree = "<group>";
		};
/* End PBXGroup section */

/* Begin PBXNativeTarget section */
		C8821B6520E8AE2A009D8CD0 /* InuMarket */ = {
			isa = PBXNativeTarget;
			buildConfigurationList = C8821B7820E8AE2A009D8CD0 /* Build configuration list for PBXNativeTarget "InuMarket" */;
			buildPhases = (
				322280280C2A0EE168FE6A93 /* [CP] Check Pods Manifest.lock */,
				C8821B6220E8AE2A009D8CD0 /* Sources */,
				C8821B6320E8AE2A009D8CD0 /* Frameworks */,
				C8821B6420E8AE2A009D8CD0 /* Resources */,
				793258C8022C2FD2A0FB7736 /* [CP] Embed Pods Frameworks */,
			);
			buildRules = (
			);
			dependencies = (
			);
			name = InuMarket;
			productName = InuMarket;
			productReference = C8821B6620E8AE2A009D8CD0 /* InuMarket.app */;
			productType = "com.apple.product-type.application";
		};
/* End PBXNativeTarget section */

/* Begin PBXProject section */
		C8821B5E20E8AE2A009D8CD0 /* Project object */ = {
			isa = PBXProject;
			attributes = {
				LastSwiftUpdateCheck = 0940;
				LastUpgradeCheck = 0940;
				ORGANIZATIONNAME = "동균";
				TargetAttributes = {
					C8821B6520E8AE2A009D8CD0 = {
						CreatedOnToolsVersion = 9.4.1;
						SystemCapabilities = {
							com.apple.BackgroundModes = {
								enabled = 1;
							};
							com.apple.Push = {
								enabled = 1;
							};
						};
					};
				};
			};
			buildConfigurationList = C8821B6120E8AE2A009D8CD0 /* Build configuration list for PBXProject "InuMarket" */;
			compatibilityVersion = "Xcode 9.3";
			developmentRegion = en;
			hasScannedForEncodings = 0;
			knownRegions = (
				en,
				Base,
			);
			mainGroup = C8821B5D20E8AE2A009D8CD0;
			productRefGroup = C8821B6720E8AE2A009D8CD0 /* Products */;
			projectDirPath = "";
			projectRoot = "";
			targets = (
				C8821B6520E8AE2A009D8CD0 /* InuMarket */,
			);
		};
/* End PBXProject section */

/* Begin PBXResourcesBuildPhase section */
		C8821B6420E8AE2A009D8CD0 /* Resources */ = {
			isa = PBXResourcesBuildPhase;
			buildActionMask = 2147483647;
			files = (
				CBF90DD22124A381007D0937 /* LetterContentTableViewCell.xib in Resources */,
				C899F8EC20F1002400C61BC2 /* Category.storyboard in Resources */,
				C899F8EE20F1006300C61BC2 /* MyPage.storyboard in Resources */,
				CB1D7A73211C41D2007A4E9F /* Detail.storyboard in Resources */,
				C8821B7420E8AE2A009D8CD0 /* LaunchScreen.storyboard in Resources */,
				CBDE37B72130025400CA5407 /* CategoryDetailTableViewCell.xib in Resources */,
				C8821B7120E8AE2A009D8CD0 /* Assets.xcassets in Resources */,
				CBDE37B22130021F00CA5407 /* CategoryTitleTableViewCell.xib in Resources */,
				CBF90DCE2124A348007D0937 /* LetterListTableViewCell.xib in Resources */,
				C8200E3E20F348D90094E917 /* Upload.storyboard in Resources */,
				C8821B6F20E8AE2A009D8CD0 /* Login.storyboard in Resources */,
				C899F8EA20F1000200C61BC2 /* Main.storyboard in Resources */,
				C8725F272118948A004FD049 /* Setting.storyboard in Resources */,
				C855A50921368B28009E6047 /* GoogleService-Info.plist in Resources */,
			);
			runOnlyForDeploymentPostprocessing = 0;
		};
/* End PBXResourcesBuildPhase section */

/* Begin PBXShellScriptBuildPhase section */
		322280280C2A0EE168FE6A93 /* [CP] Check Pods Manifest.lock */ = {
			isa = PBXShellScriptBuildPhase;
			buildActionMask = 2147483647;
			files = (
			);
			inputPaths = (
				"${PODS_PODFILE_DIR_PATH}/Podfile.lock",
				"${PODS_ROOT}/Manifest.lock",
			);
			name = "[CP] Check Pods Manifest.lock";
			outputPaths = (
				"$(DERIVED_FILE_DIR)/Pods-InuMarket-checkManifestLockResult.txt",
			);
			runOnlyForDeploymentPostprocessing = 0;
			shellPath = /bin/sh;
			shellScript = "diff \"${PODS_PODFILE_DIR_PATH}/Podfile.lock\" \"${PODS_ROOT}/Manifest.lock\" > /dev/null\nif [ $? != 0 ] ; then\n    # print error to STDERR\n    echo \"error: The sandbox is not in sync with the Podfile.lock. Run 'pod install' or update your CocoaPods installation.\" >&2\n    exit 1\nfi\n# This output is used by Xcode 'outputs' to avoid re-running this script phase.\necho \"SUCCESS\" > \"${SCRIPT_OUTPUT_FILE_0}\"\n";
			showEnvVarsInLog = 0;
		};
		793258C8022C2FD2A0FB7736 /* [CP] Embed Pods Frameworks */ = {
			isa = PBXShellScriptBuildPhase;
			buildActionMask = 2147483647;
			files = (
			);
			inputPaths = (
				"${SRCROOT}/Pods/Target Support Files/Pods-InuMarket/Pods-InuMarket-frameworks.sh",
				"${BUILT_PRODUCTS_DIR}/Alamofire/Alamofire.framework",
				"${BUILT_PRODUCTS_DIR}/AlamofireObjectMapper/AlamofireObjectMapper.framework",
				"${BUILT_PRODUCTS_DIR}/BSGridCollectionViewLayout/BSGridCollectionViewLayout.framework",
				"${BUILT_PRODUCTS_DIR}/BSImagePicker/BSImagePicker.framework",
				"${BUILT_PRODUCTS_DIR}/BetterSegmentedControl/BetterSegmentedControl.framework",
				"${BUILT_PRODUCTS_DIR}/DropDown/DropDown.framework",
				"${BUILT_PRODUCTS_DIR}/ExpandableCell/ExpandableCell.framework",
				"${BUILT_PRODUCTS_DIR}/GoogleUtilities/GoogleUtilities.framework",
				"${BUILT_PRODUCTS_DIR}/IQKeyboardManagerSwift/IQKeyboardManagerSwift.framework",
				"${BUILT_PRODUCTS_DIR}/ImageSlideshow/ImageSlideshow.framework",
				"${BUILT_PRODUCTS_DIR}/Kingfisher/Kingfisher.framework",
				"${BUILT_PRODUCTS_DIR}/ObjectMapper/ObjectMapper.framework",
				"${BUILT_PRODUCTS_DIR}/Protobuf/Protobuf.framework",
				"${BUILT_PRODUCTS_DIR}/SideMenu/SideMenu.framework",
				"${BUILT_PRODUCTS_DIR}/SnapKit/SnapKit.framework",
				"${BUILT_PRODUCTS_DIR}/Toast-Swift/Toast_Swift.framework",
				"${BUILT_PRODUCTS_DIR}/UIImageViewModeScaleAspect/UIImageViewModeScaleAspect.framework",
				"${BUILT_PRODUCTS_DIR}/nanopb/nanopb.framework",
			);
			name = "[CP] Embed Pods Frameworks";
			outputPaths = (
				"${TARGET_BUILD_DIR}/${FRAMEWORKS_FOLDER_PATH}/Alamofire.framework",
				"${TARGET_BUILD_DIR}/${FRAMEWORKS_FOLDER_PATH}/AlamofireObjectMapper.framework",
				"${TARGET_BUILD_DIR}/${FRAMEWORKS_FOLDER_PATH}/BSGridCollectionViewLayout.framework",
				"${TARGET_BUILD_DIR}/${FRAMEWORKS_FOLDER_PATH}/BSImagePicker.framework",
				"${TARGET_BUILD_DIR}/${FRAMEWORKS_FOLDER_PATH}/BetterSegmentedControl.framework",
				"${TARGET_BUILD_DIR}/${FRAMEWORKS_FOLDER_PATH}/DropDown.framework",
				"${TARGET_BUILD_DIR}/${FRAMEWORKS_FOLDER_PATH}/ExpandableCell.framework",
				"${TARGET_BUILD_DIR}/${FRAMEWORKS_FOLDER_PATH}/GoogleUtilities.framework",
				"${TARGET_BUILD_DIR}/${FRAMEWORKS_FOLDER_PATH}/IQKeyboardManagerSwift.framework",
				"${TARGET_BUILD_DIR}/${FRAMEWORKS_FOLDER_PATH}/ImageSlideshow.framework",
				"${TARGET_BUILD_DIR}/${FRAMEWORKS_FOLDER_PATH}/Kingfisher.framework",
				"${TARGET_BUILD_DIR}/${FRAMEWORKS_FOLDER_PATH}/ObjectMapper.framework",
				"${TARGET_BUILD_DIR}/${FRAMEWORKS_FOLDER_PATH}/Protobuf.framework",
				"${TARGET_BUILD_DIR}/${FRAMEWORKS_FOLDER_PATH}/SideMenu.framework",
				"${TARGET_BUILD_DIR}/${FRAMEWORKS_FOLDER_PATH}/SnapKit.framework",
				"${TARGET_BUILD_DIR}/${FRAMEWORKS_FOLDER_PATH}/Toast_Swift.framework",
				"${TARGET_BUILD_DIR}/${FRAMEWORKS_FOLDER_PATH}/UIImageViewModeScaleAspect.framework",
				"${TARGET_BUILD_DIR}/${FRAMEWORKS_FOLDER_PATH}/nanopb.framework",
			);
			runOnlyForDeploymentPostprocessing = 0;
			shellPath = /bin/sh;
			shellScript = "\"${SRCROOT}/Pods/Target Support Files/Pods-InuMarket/Pods-InuMarket-frameworks.sh\"\n";
			showEnvVarsInLog = 0;
		};
/* End PBXShellScriptBuildPhase section */

/* Begin PBXSourcesBuildPhase section */
		C8821B6220E8AE2A009D8CD0 /* Sources */ = {
			isa = PBXSourcesBuildPhase;
			buildActionMask = 2147483647;
			files = (
				C850EEF820F652CC002068F1 /* NetworkModel.swift in Sources */,
				C8200E3A20F3398C0094E917 /* UploadCategoryTableViewCell.swift in Sources */,
				CB3DCBF72127D8A4009EF084 /* OtherProductViewController.swift in Sources */,
				C82D5B24210F72A300F1ED42 /* ReviewViewController.swift in Sources */,
				C8235A80211EA87A0047AA70 /* UploadSubCategoryViewController.swift in Sources */,
				C8725F2121189468004FD049 /* SettingViewController.swift in Sources */,
				CB302E2E211C8CDD00C95E0D /* DetailCollectionViewCell.swift in Sources */,
				CBF90DCD2124A348007D0937 /* LetterListTableViewCell.swift in Sources */,
				CBA0041E211AC6AA00B62390 /* LetterBoxViewController.swift in Sources */,
				C86EB098210B66C6005AE454 /* SetPasswdViewController.swift in Sources */,
				CB7A08AF211DDB4D00573BB5 /* CheckLetterViewController.swift in Sources */,
				CB302E2C211C8CCC00C95E0D /* DetailHeaderCollectionViewCell.swift in Sources */,
				CBDE37B62130025400CA5407 /* CategoryDetailTableViewCell.swift in Sources */,
				C82D5B272112E85D00F1ED42 /* UploadPhotoViewController.swift in Sources */,
				C850EEFA20F65357002068F1 /* NetworkCallback.swift in Sources */,
				C8725F2521189468004FD049 /* WithdrawalViewController.swift in Sources */,
				C855123021174701001779AD /* SettingTableViewCell.swift in Sources */,
				C8235A8E211F3F4E0047AA70 /* PreInfoViewTableViewCell.swift in Sources */,
				C85A36BD20F1F3B6008D4362 /* MyPageViewController.swift in Sources */,
				C85A36BB20F1F3B0008D4362 /* CategoryViewController.swift in Sources */,
				C82D5B22210F728100F1ED42 /* SetPhoneViewController.swift in Sources */,
				C85A36B720F1ED4F008D4362 /* MainViewController.swift in Sources */,
				C8235A92211F3F710047AA70 /* UploadPreViewController.swift in Sources */,
				CBF90DD12124A381007D0937 /* LetterContentTableViewCell.swift in Sources */,
				C8AC9CB221246C60007F7FA1 /* CategoryProductViewController.swift in Sources */,
				C8200E3820F338FC0094E917 /* UploadCategoryViewController.swift in Sources */,
				C8725F2321189468004FD049 /* ChangePasswordViewController.swift in Sources */,
				CB302E33211C99DA00C95E0D /* SendLetterViewController.swift in Sources */,
				C8200E4020F393840094E917 /* UploadExplainViewController.swift in Sources */,
				C86BE4C3212D5355009C1A98 /* MyProductViewController.swift in Sources */,
				C8235A82211EA88A0047AA70 /* UploadSubCategoryCollectionViewCell.swift in Sources */,
				CBA00422211B22C200B62390 /* VKExpenableButton.swift in Sources */,
				CBA00419211AA91D00B62390 /* LetterCollectionViewCell.swift in Sources */,
				C88AEA742108B50F00182BD9 /* ForgotPasswordViewController.swift in Sources */,
				C8821B6C20E8AE2A009D8CD0 /* LoginViewController.swift in Sources */,
				CBA00417211AA91400B62390 /* BannerCollectionViewCell.swift in Sources */,
				C8821B6A20E8AE2A009D8CD0 /* AppDelegate.swift in Sources */,
				CB2EA2102118834C00BFC9B3 /* MainHeaderCollectionViewCell.swift in Sources */,
				C8235A8C211F3F470047AA70 /* PreImageViewTableViewCell.swift in Sources */,
				C8200E2820F2539F0094E917 /* MyProductTableViewCell.swift in Sources */,
				C84EE2212112F45200941485 /* UploadPhotoCollectionViewCell.swift in Sources */,
				CB302E30211C8CEB00C95E0D /* DetailFooterCollectionViewCell.swift in Sources */,
				C8725F2421189468004FD049 /* QustViewController.swift in Sources */,
				CBA00420211AC6B800B62390 /* DetailViewController.swift in Sources */,
				C86EB096210B62C7005AE454 /* StudentInfoViewController.swift in Sources */,
				CBDE37B12130021F00CA5407 /* CategoryTitleTableViewCell.swift in Sources */,
				C8235A90211F3F5A0047AA70 /* PreExplainViewTableViewCell.swift in Sources */,
				C86EB094210B61DD005AE454 /* AgreementViewController.swift in Sources */,
				C8200E2E20F256B30094E917 /* MyProductTableViewController.swift in Sources */,
				CB2EA20E2118833300BFC9B3 /* MainCollectionViewCell.swift in Sources */,
				C8725F2221189468004FD049 /* PhoneChangeViewController.swift in Sources */,
				C8200E3C20F3412C0094E917 /* UploadInfoViewController.swift in Sources */,
				C855122C21172F20001779AD /* DBManager.swift in Sources */,
			);
			runOnlyForDeploymentPostprocessing = 0;
		};
/* End PBXSourcesBuildPhase section */

/* Begin PBXVariantGroup section */
		C8821B6D20E8AE2A009D8CD0 /* Login.storyboard */ = {
			isa = PBXVariantGroup;
			children = (
				C8821B6E20E8AE2A009D8CD0 /* Base */,
			);
			name = Login.storyboard;
			sourceTree = "<group>";
		};
		C8821B7220E8AE2A009D8CD0 /* LaunchScreen.storyboard */ = {
			isa = PBXVariantGroup;
			children = (
				C8821B7320E8AE2A009D8CD0 /* Base */,
			);
			name = LaunchScreen.storyboard;
			sourceTree = "<group>";
		};
/* End PBXVariantGroup section */

/* Begin XCBuildConfiguration section */
		C8821B7620E8AE2A009D8CD0 /* Debug */ = {
			isa = XCBuildConfiguration;
			buildSettings = {
				ALWAYS_SEARCH_USER_PATHS = NO;
				CLANG_ANALYZER_NONNULL = YES;
				CLANG_ANALYZER_NUMBER_OBJECT_CONVERSION = YES_AGGRESSIVE;
				CLANG_CXX_LANGUAGE_STANDARD = "gnu++14";
				CLANG_CXX_LIBRARY = "libc++";
				CLANG_ENABLE_MODULES = YES;
				CLANG_ENABLE_OBJC_ARC = YES;
				CLANG_ENABLE_OBJC_WEAK = YES;
				CLANG_WARN_BLOCK_CAPTURE_AUTORELEASING = YES;
				CLANG_WARN_BOOL_CONVERSION = YES;
				CLANG_WARN_COMMA = YES;
				CLANG_WARN_CONSTANT_CONVERSION = YES;
				CLANG_WARN_DEPRECATED_OBJC_IMPLEMENTATIONS = YES;
				CLANG_WARN_DIRECT_OBJC_ISA_USAGE = YES_ERROR;
				CLANG_WARN_DOCUMENTATION_COMMENTS = YES;
				CLANG_WARN_EMPTY_BODY = YES;
				CLANG_WARN_ENUM_CONVERSION = YES;
				CLANG_WARN_INFINITE_RECURSION = YES;
				CLANG_WARN_INT_CONVERSION = YES;
				CLANG_WARN_NON_LITERAL_NULL_CONVERSION = YES;
				CLANG_WARN_OBJC_IMPLICIT_RETAIN_SELF = YES;
				CLANG_WARN_OBJC_LITERAL_CONVERSION = YES;
				CLANG_WARN_OBJC_ROOT_CLASS = YES_ERROR;
				CLANG_WARN_RANGE_LOOP_ANALYSIS = YES;
				CLANG_WARN_STRICT_PROTOTYPES = YES;
				CLANG_WARN_SUSPICIOUS_MOVE = YES;
				CLANG_WARN_UNGUARDED_AVAILABILITY = YES_AGGRESSIVE;
				CLANG_WARN_UNREACHABLE_CODE = YES;
				CLANG_WARN__DUPLICATE_METHOD_MATCH = YES;
				CODE_SIGN_IDENTITY = "iPhone Developer";
				COPY_PHASE_STRIP = NO;
				DEBUG_INFORMATION_FORMAT = dwarf;
				ENABLE_STRICT_OBJC_MSGSEND = YES;
				ENABLE_TESTABILITY = YES;
				GCC_C_LANGUAGE_STANDARD = gnu11;
				GCC_DYNAMIC_NO_PIC = NO;
				GCC_NO_COMMON_BLOCKS = YES;
				GCC_OPTIMIZATION_LEVEL = 0;
				GCC_PREPROCESSOR_DEFINITIONS = (
					"DEBUG=1",
					"$(inherited)",
				);
				GCC_WARN_64_TO_32_BIT_CONVERSION = YES;
				GCC_WARN_ABOUT_RETURN_TYPE = YES_ERROR;
				GCC_WARN_UNDECLARED_SELECTOR = YES;
				GCC_WARN_UNINITIALIZED_AUTOS = YES_AGGRESSIVE;
				GCC_WARN_UNUSED_FUNCTION = YES;
				GCC_WARN_UNUSED_VARIABLE = YES;
				IPHONEOS_DEPLOYMENT_TARGET = 11.4;
				MTL_ENABLE_DEBUG_INFO = YES;
				ONLY_ACTIVE_ARCH = YES;
				SDKROOT = iphoneos;
				SWIFT_ACTIVE_COMPILATION_CONDITIONS = DEBUG;
				SWIFT_OPTIMIZATION_LEVEL = "-Onone";
			};
			name = Debug;
		};
		C8821B7720E8AE2A009D8CD0 /* Release */ = {
			isa = XCBuildConfiguration;
			buildSettings = {
				ALWAYS_SEARCH_USER_PATHS = NO;
				CLANG_ANALYZER_NONNULL = YES;
				CLANG_ANALYZER_NUMBER_OBJECT_CONVERSION = YES_AGGRESSIVE;
				CLANG_CXX_LANGUAGE_STANDARD = "gnu++14";
				CLANG_CXX_LIBRARY = "libc++";
				CLANG_ENABLE_MODULES = YES;
				CLANG_ENABLE_OBJC_ARC = YES;
				CLANG_ENABLE_OBJC_WEAK = YES;
				CLANG_WARN_BLOCK_CAPTURE_AUTORELEASING = YES;
				CLANG_WARN_BOOL_CONVERSION = YES;
				CLANG_WARN_COMMA = YES;
				CLANG_WARN_CONSTANT_CONVERSION = YES;
				CLANG_WARN_DEPRECATED_OBJC_IMPLEMENTATIONS = YES;
				CLANG_WARN_DIRECT_OBJC_ISA_USAGE = YES_ERROR;
				CLANG_WARN_DOCUMENTATION_COMMENTS = YES;
				CLANG_WARN_EMPTY_BODY = YES;
				CLANG_WARN_ENUM_CONVERSION = YES;
				CLANG_WARN_INFINITE_RECURSION = YES;
				CLANG_WARN_INT_CONVERSION = YES;
				CLANG_WARN_NON_LITERAL_NULL_CONVERSION = YES;
				CLANG_WARN_OBJC_IMPLICIT_RETAIN_SELF = YES;
				CLANG_WARN_OBJC_LITERAL_CONVERSION = YES;
				CLANG_WARN_OBJC_ROOT_CLASS = YES_ERROR;
				CLANG_WARN_RANGE_LOOP_ANALYSIS = YES;
				CLANG_WARN_STRICT_PROTOTYPES = YES;
				CLANG_WARN_SUSPICIOUS_MOVE = YES;
				CLANG_WARN_UNGUARDED_AVAILABILITY = YES_AGGRESSIVE;
				CLANG_WARN_UNREACHABLE_CODE = YES;
				CLANG_WARN__DUPLICATE_METHOD_MATCH = YES;
				CODE_SIGN_IDENTITY = "iPhone Developer";
				COPY_PHASE_STRIP = NO;
				DEBUG_INFORMATION_FORMAT = "dwarf-with-dsym";
				ENABLE_NS_ASSERTIONS = NO;
				ENABLE_STRICT_OBJC_MSGSEND = YES;
				GCC_C_LANGUAGE_STANDARD = gnu11;
				GCC_NO_COMMON_BLOCKS = YES;
				GCC_WARN_64_TO_32_BIT_CONVERSION = YES;
				GCC_WARN_ABOUT_RETURN_TYPE = YES_ERROR;
				GCC_WARN_UNDECLARED_SELECTOR = YES;
				GCC_WARN_UNINITIALIZED_AUTOS = YES_AGGRESSIVE;
				GCC_WARN_UNUSED_FUNCTION = YES;
				GCC_WARN_UNUSED_VARIABLE = YES;
				IPHONEOS_DEPLOYMENT_TARGET = 11.4;
				MTL_ENABLE_DEBUG_INFO = NO;
				SDKROOT = iphoneos;
				SWIFT_COMPILATION_MODE = wholemodule;
				SWIFT_OPTIMIZATION_LEVEL = "-O";
				VALIDATE_PRODUCT = YES;
			};
			name = Release;
		};
		C8821B7920E8AE2A009D8CD0 /* Debug */ = {
			isa = XCBuildConfiguration;
			baseConfigurationReference = 560A9615F731506ADBCABA52 /* Pods-InuMarket.debug.xcconfig */;
			buildSettings = {
				ASSETCATALOG_COMPILER_APPICON_NAME = AppIcon;
				CODE_SIGN_ENTITLEMENTS = InuMarket/InuMarket.entitlements;
				CODE_SIGN_STYLE = Automatic;
				DEVELOPMENT_TEAM = AANGG4Q668;
				INFOPLIST_FILE = InuMarket/Info.plist;
				LD_RUNPATH_SEARCH_PATHS = (
					"$(inherited)",
					"@executable_path/Frameworks",
				);
				PRODUCT_BUNDLE_IDENTIFIER = inu.appcenter.INUMarket;
				PRODUCT_NAME = "$(TARGET_NAME)";
				SWIFT_VERSION = 4.0;
				TARGETED_DEVICE_FAMILY = 1;
			};
			name = Debug;
		};
		C8821B7A20E8AE2A009D8CD0 /* Release */ = {
			isa = XCBuildConfiguration;
			baseConfigurationReference = E8A3193499A2714AB79C2E25 /* Pods-InuMarket.release.xcconfig */;
			buildSettings = {
				ASSETCATALOG_COMPILER_APPICON_NAME = AppIcon;
				CODE_SIGN_ENTITLEMENTS = InuMarket/InuMarket.entitlements;
				CODE_SIGN_STYLE = Automatic;
				DEVELOPMENT_TEAM = AANGG4Q668;
				INFOPLIST_FILE = InuMarket/Info.plist;
				LD_RUNPATH_SEARCH_PATHS = (
					"$(inherited)",
					"@executable_path/Frameworks",
				);
				PRODUCT_BUNDLE_IDENTIFIER = inu.appcenter.INUMarket;
				PRODUCT_NAME = "$(TARGET_NAME)";
				SWIFT_VERSION = 4.0;
				TARGETED_DEVICE_FAMILY = 1;
			};
			name = Release;
		};
/* End XCBuildConfiguration section */

/* Begin XCConfigurationList section */
		C8821B6120E8AE2A009D8CD0 /* Build configuration list for PBXProject "InuMarket" */ = {
			isa = XCConfigurationList;
			buildConfigurations = (
				C8821B7620E8AE2A009D8CD0 /* Debug */,
				C8821B7720E8AE2A009D8CD0 /* Release */,
			);
			defaultConfigurationIsVisible = 0;
			defaultConfigurationName = Release;
		};
		C8821B7820E8AE2A009D8CD0 /* Build configuration list for PBXNativeTarget "InuMarket" */ = {
			isa = XCConfigurationList;
			buildConfigurations = (
				C8821B7920E8AE2A009D8CD0 /* Debug */,
				C8821B7A20E8AE2A009D8CD0 /* Release */,
			);
			defaultConfigurationIsVisible = 0;
			defaultConfigurationName = Release;
		};
/* End XCConfigurationList section */
	};
	rootObject = C8821B5E20E8AE2A009D8CD0 /* Project object */;
}
